
Microsoft Visual Studio Solution File, Format Version 12.00
# Visual Studio Version 17
VisualStudioVersion = 17.0.31903.59
MinimumVisualStudioVersion = 10.0.40219.1
Project("{FAE04EC0-301F-11D3-BF4B-00C04F79EFBC}") = "TCPClient", "TCPClient\TCPClient.csproj", "{06F51D65-4AAC-428C-BDC1-550827597197}"
EndProject
Global
	GlobalSection(SolutionConfigurationPlatforms) = preSolution
		Debug|Any CPU = Debug|Any CPU
		Release|Any CPU = Release|Any CPU
	EndGlobalSection
	GlobalSection(ProjectConfigurationPlatforms) = postSolution
		{06F51D65-4AAC-428C-BDC1-550827597197}.Debug|Any CPU.ActiveCfg = Debug|Any CPU
		{06F51D65-4AAC-428C-BDC1-550827597197}.Debug|Any CPU.Build.0 = Debug|Any CPU
		{06F51D65-4AAC-428C-BDC1-550827597197}.Release|Any CPU.ActiveCfg = Release|Any CPU
		{06F51D65-4AAC-428C-BDC1-550827597197}.Release|Any CPU.Build.0 = Release|Any CPU
	EndGlobalSection
	GlobalSection(SolutionProperties) = preSolution
		HideSolutionNode = FALSE
	EndGlobalSection
	GlobalSection(ExtensibilityGlobals) = postSolution
		SolutionGuid = {273D568C-EFDA-4DCA-81E6-84C8CDD46B52}
	EndGlobalSection
EndGlobal
